// !$*UTF8*$!
{
	archiveVersion = 1;
	classes = {
	};
	objectVersion = 55;
	objects = {

/* Begin PBXBuildFile section */
		1771E6DA289D619200AAFC78 /* AppDelegate.swift in Sources */ = {isa = PBXBuildFile; fileRef = 1771E6D9289D619200AAFC78 /* AppDelegate.swift */; };
		1771E6DC289D619200AAFC78 /* SceneDelegate.swift in Sources */ = {isa = PBXBuildFile; fileRef = 1771E6DB289D619200AAFC78 /* SceneDelegate.swift */; };
		1771E6DE289D619200AAFC78 /* ProductViewController.swift in Sources */ = {isa = PBXBuildFile; fileRef = 1771E6DD289D619200AAFC78 /* ProductViewController.swift */; };
		1771E6E3289D619500AAFC78 /* Assets.xcassets in Resources */ = {isa = PBXBuildFile; fileRef = 1771E6E2289D619500AAFC78 /* Assets.xcassets */; };
		1771E6E6289D619500AAFC78 /* LaunchScreen.storyboard in Resources */ = {isa = PBXBuildFile; fileRef = 1771E6E4289D619500AAFC78 /* LaunchScreen.storyboard */; };
		1771E6EF289D747000AAFC78 /* InventoryTableViewCell.swift in Sources */ = {isa = PBXBuildFile; fileRef = 1771E6ED289D747000AAFC78 /* InventoryTableViewCell.swift */; };
		1771E6F0289D747000AAFC78 /* InventoryTableViewCell.xib in Resources */ = {isa = PBXBuildFile; fileRef = 1771E6EE289D747000AAFC78 /* InventoryTableViewCell.xib */; };
		1771E6F3289D7BE500AAFC78 /* In.xcdatamodeld in Sources */ = {isa = PBXBuildFile; fileRef = 1771E6F1289D7BE500AAFC78 /* In.xcdatamodeld */; };
		177CC81E289DAA5C0036F1FF /* ProductDetailViewController.swift in Sources */ = {isa = PBXBuildFile; fileRef = 177CC81D289DAA5C0036F1FF /* ProductDetailViewController.swift */; };
		177CC820289DAE950036F1FF /* AddCustomerViewController.swift in Sources */ = {isa = PBXBuildFile; fileRef = 177CC81F289DAE950036F1FF /* AddCustomerViewController.swift */; };
/* End PBXBuildFile section */

/* Begin PBXFileReference section */
		1771E6D6289D619200AAFC78 /* In*.app */ = {isa = PBXFileReference; explicitFileType = wrapper.application; includeInIndex = 0; path = "In*.app"; sourceTree = BUILT_PRODUCTS_DIR; };
		1771E6D9289D619200AAFC78 /* AppDelegate.swift */ = {isa = PBXFileReference; lastKnownFileType = sourcecode.swift; path = AppDelegate.swift; sourceTree = "<group>"; };
		1771E6DB289D619200AAFC78 /* SceneDelegate.swift */ = {isa = PBXFileReference; lastKnownFileType = sourcecode.swift; path = SceneDelegate.swift; sourceTree = "<group>"; };
		1771E6DD289D619200AAFC78 /* ProductViewController.swift */ = {isa = PBXFileReference; lastKnownFileType = sourcecode.swift; path = ProductViewController.swift; sourceTree = "<group>"; };
		1771E6E2289D619500AAFC78 /* Assets.xcassets */ = {isa = PBXFileReference; lastKnownFileType = folder.assetcatalog; path = Assets.xcassets; sourceTree = "<group>"; };
		1771E6E5289D619500AAFC78 /* Base */ = {isa = PBXFileReference; lastKnownFileType = file.storyboard; name = Base; path = Base.lproj/LaunchScreen.storyboard; sourceTree = "<group>"; };
		1771E6E7289D619500AAFC78 /* Info.plist */ = {isa = PBXFileReference; lastKnownFileType = text.plist.xml; path = Info.plist; sourceTree = "<group>"; };
		1771E6ED289D747000AAFC78 /* InventoryTableViewCell.swift */ = {isa = PBXFileReference; lastKnownFileType = sourcecode.swift; path = InventoryTableViewCell.swift; sourceTree = "<group>"; };
		1771E6EE289D747000AAFC78 /* InventoryTableViewCell.xib */ = {isa = PBXFileReference; lastKnownFileType = file.xib; path = InventoryTableViewCell.xib; sourceTree = "<group>"; };
		1771E6F2289D7BE500AAFC78 /* In.xcdatamodel */ = {isa = PBXFileReference; lastKnownFileType = wrapper.xcdatamodel; path = In.xcdatamodel; sourceTree = "<group>"; };
		177CC81D289DAA5C0036F1FF /* ProductDetailViewController.swift */ = {isa = PBXFileReference; lastKnownFileType = sourcecode.swift; path = ProductDetailViewController.swift; sourceTree = "<group>"; };
		177CC81F289DAE950036F1FF /* AddCustomerViewController.swift */ = {isa = PBXFileReference; lastKnownFileType = sourcecode.swift; path = AddCustomerViewController.swift; sourceTree = "<group>"; };
/* End PBXFileReference section */

/* Begin PBXFrameworksBuildPhase section */
		1771E6D3289D619200AAFC78 /* Frameworks */ = {
			isa = PBXFrameworksBuildPhase;
			buildActionMask = 2147483647;
			files = (
			);
			runOnlyForDeploymentPostprocessing = 0;
		};
/* End PBXFrameworksBuildPhase section */

/* Begin PBXGroup section */
		1771E6CD289D619200AAFC78 = {
			isa = PBXGroup;
			children = (
				1771E6D8289D619200AAFC78 /* In* */,
				1771E6D7289D619200AAFC78 /* Products */,
			);
			sourceTree = "<group>";
		};
		1771E6D7289D619200AAFC78 /* Products */ = {
			isa = PBXGroup;
			children = (
				1771E6D6289D619200AAFC78 /* In*.app */,
			);
			name = Products;
			sourceTree = "<group>";
		};
		1771E6D8289D619200AAFC78 /* In* */ = {
			isa = PBXGroup;
			children = (
				1771E6D9289D619200AAFC78 /* AppDelegate.swift */,
				1771E6DB289D619200AAFC78 /* SceneDelegate.swift */,
				1771E6DD289D619200AAFC78 /* ProductViewController.swift */,
				1771E6E2289D619500AAFC78 /* Assets.xcassets */,
				1771E6E4289D619500AAFC78 /* LaunchScreen.storyboard */,
				1771E6E7289D619500AAFC78 /* Info.plist */,
				1771E6ED289D747000AAFC78 /* InventoryTableViewCell.swift */,
				1771E6EE289D747000AAFC78 /* InventoryTableViewCell.xib */,
				1771E6F1289D7BE500AAFC78 /* In.xcdatamodeld */,
				177CC81D289DAA5C0036F1FF /* ProductDetailViewController.swift */,
				177CC81F289DAE950036F1FF /* AddCustomerViewController.swift */,
			);
			path = "In*";
			sourceTree = "<group>";
		};
/* End PBXGroup section */

/* Begin PBXNativeTarget section */
		1771E6D5289D619200AAFC78 /* In* */ = {
			isa = PBXNativeTarget;
			buildConfigurationList = 1771E6EA289D619500AAFC78 /* Build configuration list for PBXNativeTarget "In*" */;
			buildPhases = (
				1771E6D2289D619200AAFC78 /* Sources */,
				1771E6D3289D619200AAFC78 /* Frameworks */,
				1771E6D4289D619200AAFC78 /* Resources */,
			);
			buildRules = (
			);
			dependencies = (
			);
			name = "In*";
			productName = "In*";
			productReference = 1771E6D6289D619200AAFC78 /* In*.app */;
			productType = "com.apple.product-type.application";
		};
/* End PBXNativeTarget section */

/* Begin PBXProject section */
		1771E6CE289D619200AAFC78 /* Project object */ = {
			isa = PBXProject;
			attributes = {
				BuildIndependentTargetsInParallel = 1;
				LastSwiftUpdateCheck = 1340;
				LastUpgradeCheck = 1340;
				TargetAttributes = {
					1771E6D5289D619200AAFC78 = {
						CreatedOnToolsVersion = 13.4.1;
					};
				};
			};
			buildConfigurationList = 1771E6D1289D619200AAFC78 /* Build configuration list for PBXProject "In*" */;
			compatibilityVersion = "Xcode 13.0";
			developmentRegion = en;
			hasScannedForEncodings = 0;
			knownRegions = (
				en,
				Base,
			);
			mainGroup = 1771E6CD289D619200AAFC78;
			productRefGroup = 1771E6D7289D619200AAFC78 /* Products */;
			projectDirPath = "";
			projectRoot = "";
			targets = (
				1771E6D5289D619200AAFC78 /* In* */,
			);
		};
/* End PBXProject section */

/* Begin PBXResourcesBuildPhase section */
		1771E6D4289D619200AAFC78 /* Resources */ = {
			isa = PBXResourcesBuildPhase;
			buildActionMask = 2147483647;
			files = (
				1771E6F0289D747000AAFC78 /* InventoryTableViewCell.xib in Resources */,
				1771E6E6289D619500AAFC78 /* LaunchScreen.storyboard in Resources */,
				1771E6E3289D619500AAFC78 /* Assets.xcassets in Resources */,
			);
			runOnlyForDeploymentPostprocessing = 0;
		};
/* End PBXResourcesBuildPhase section */

/* Begin PBXSourcesBuildPhase section */
		1771E6D2289D619200AAFC78 /* Sources */ = {
			isa = PBXSourcesBuildPhase;
			buildActionMask = 2147483647;
			files = (
				1771E6EF289D747000AAFC78 /* InventoryTableViewCell.swift in Sources */,
				177CC820289DAE950036F1FF /* AddCustomerViewController.swift in Sources */,
				1771E6DE289D619200AAFC78 /* ProductViewController.swift in Sources */,
				1771E6DA289D619200AAFC78 /* AppDelegate.swift in Sources */,
				1771E6F3289D7BE500AAFC78 /* In.xcdatamodeld in Sources */,
				1771E6DC289D619200AAFC78 /* SceneDelegate.swift in Sources */,
				177CC81E289DAA5C0036F1FF /* ProductDetailViewController.swift in Sources */,
			);
			runOnlyForDeploymentPostprocessing = 0;
		};
/* End PBXSourcesBuildPhase section */

/* Begin PBXVariantGroup section */
		1771E6E4289D619500AAFC78 /* LaunchScreen.storyboard */ = {
			isa = PBXVariantGroup;
			children = (
				1771E6E5289D619500AAFC78 /* Base */,
			);
			name = LaunchScreen.storyboard;
			sourceTree = "<group>";
		};
/* End PBXVariantGroup section */

/* Begin XCBuildConfiguration section */
		1771E6E8289D619500AAFC78 /* Debug */ = {
			isa = XCBuildConfiguration;
			buildSettings = {
				ALWAYS_SEARCH_USER_PATHS = NO;
				CLANG_ANALYZER_NONNULL = YES;
				CLANG_ANALYZER_NUMBER_OBJECT_CONVERSION = YES_AGGRESSIVE;
				CLANG_CXX_LANGUAGE_STANDARD = "gnu++17";
				CLANG_ENABLE_MODULES = YES;
				CLANG_ENABLE_OBJC_ARC = YES;
				CLANG_ENABLE_OBJC_WEAK = YES;
				CLANG_WARN_BLOCK_CAPTURE_AUTORELEASING = YES;
				CLANG_WARN_BOOL_CONVERSION = YES;
				CLANG_WARN_COMMA = YES;
				CLANG_WARN_CONSTANT_CONVERSION = YES;
				CLANG_WARN_DEPRECATED_OBJC_IMPLEMENTATIONS = YES;
				CLANG_WARN_DIRECT_OBJC_ISA_USAGE = YES_ERROR;
				CLANG_WARN_DOCUMENTATION_COMMENTS = YES;
				CLANG_WARN_EMPTY_BODY = YES;
				CLANG_WARN_ENUM_CONVERSION = YES;
				CLANG_WARN_INFINITE_RECURSION = YES;
				CLANG_WARN_INT_CONVERSION = YES;
				CLANG_WARN_NON_LITERAL_NULL_CONVERSION = YES;
				CLANG_WARN_OBJC_IMPLICIT_RETAIN_SELF = YES;
				CLANG_WARN_OBJC_LITERAL_CONVERSION = YES;
				CLANG_WARN_OBJC_ROOT_CLASS = YES_ERROR;
				CLANG_WARN_QUOTED_INCLUDE_IN_FRAMEWORK_HEADER = YES;
				CLANG_WARN_RANGE_LOOP_ANALYSIS = YES;
				CLANG_WARN_STRICT_PROTOTYPES = YES;
				CLANG_WARN_SUSPICIOUS_MOVE = YES;
				CLANG_WARN_UNGUARDED_AVAILABILITY = YES_AGGRESSIVE;
				CLANG_WARN_UNREACHABLE_CODE = YES;
				CLANG_WARN__DUPLICATE_METHOD_MATCH = YES;
				COPY_PHASE_STRIP = NO;
				DEBUG_INFORMATION_FORMAT = dwarf;
				ENABLE_STRICT_OBJC_MSGSEND = YES;
				ENABLE_TESTABILITY = YES;
				GCC_C_LANGUAGE_STANDARD = gnu11;
				GCC_DYNAMIC_NO_PIC = NO;
				GCC_NO_COMMON_BLOCKS = YES;
				GCC_OPTIMIZATION_LEVEL = 0;
				GCC_PREPROCESSOR_DEFINITIONS = (
					"DEBUG=1",
					"$(inherited)",
				);
				GCC_WARN_64_TO_32_BIT_CONVERSION = YES;
				GCC_WARN_ABOUT_RETURN_TYPE = YES_ERROR;
				GCC_WARN_UNDECLARED_SELECTOR = YES;
				GCC_WARN_UNINITIALIZED_AUTOS = YES_AGGRESSIVE;
				GCC_WARN_UNUSED_FUNCTION = YES;
				GCC_WARN_UNUSED_VARIABLE = YES;
				IPHONEOS_DEPLOYMENT_TARGET = 15.5;
				MTL_ENABLE_DEBUG_INFO = INCLUDE_SOURCE;
				MTL_FAST_MATH = YES;
				ONLY_ACTIVE_ARCH = YES;
				SDKROOT = iphoneos;
				SWIFT_ACTIVE_COMPILATION_CONDITIONS = DEBUG;
				SWIFT_OPTIMIZATION_LEVEL = "-Onone";
			};
			name = Debug;
		};
		1771E6E9289D619500AAFC78 /* Release */ = {
			isa = XCBuildConfiguration;
			buildSettings = {
				ALWAYS_SEARCH_USER_PATHS = NO;
				CLANG_ANALYZER_NONNULL = YES;
				CLANG_ANALYZER_NUMBER_OBJECT_CONVERSION = YES_AGGRESSIVE;
				CLANG_CXX_LANGUAGE_STANDARD = "gnu++17";
				CLANG_ENABLE_MODULES = YES;
				CLANG_ENABLE_OBJC_ARC = YES;
				CLANG_ENABLE_OBJC_WEAK = YES;
				CLANG_WARN_BLOCK_CAPTURE_AUTORELEASING = YES;
				CLANG_WARN_BOOL_CONVERSION = YES;
				CLANG_WARN_COMMA = YES;
				CLANG_WARN_CONSTANT_CONVERSION = YES;
				CLANG_WARN_DEPRECATED_OBJC_IMPLEMENTATIONS = YES;
				CLANG_WARN_DIRECT_OBJC_ISA_USAGE = YES_ERROR;
				CLANG_WARN_DOCUMENTATION_COMMENTS = YES;
				CLANG_WARN_EMPTY_BODY = YES;
				CLANG_WARN_ENUM_CONVERSION = YES;
				CLANG_WARN_INFINITE_RECURSION = YES;
				CLANG_WARN_INT_CONVERSION = YES;
				CLANG_WARN_NON_LITERAL_NULL_CONVERSION = YES;
				CLANG_WARN_OBJC_IMPLICIT_RETAIN_SELF = YES;
				CLANG_WARN_OBJC_LITERAL_CONVERSION = YES;
				CLANG_WARN_OBJC_ROOT_CLASS = YES_ERROR;
				CLANG_WARN_QUOTED_INCLUDE_IN_FRAMEWORK_HEADER = YES;
				CLANG_WARN_RANGE_LOOP_ANALYSIS = YES;
				CLANG_WARN_STRICT_PROTOTYPES = YES;
				CLANG_WARN_SUSPICIOUS_MOVE = YES;
				CLANG_WARN_UNGUARDED_AVAILABILITY = YES_AGGRESSIVE;
				CLANG_WARN_UNREACHABLE_CODE = YES;
				CLANG_WARN__DUPLICATE_METHOD_MATCH = YES;
				COPY_PHASE_STRIP = NO;
				DEBUG_INFORMATION_FORMAT = "dwarf-with-dsym";
				ENABLE_NS_ASSERTIONS = NO;
				ENABLE_STRICT_OBJC_MSGSEND = YES;
				GCC_C_LANGUAGE_STANDARD = gnu11;
				GCC_NO_COMMON_BLOCKS = YES;
				GCC_WARN_64_TO_32_BIT_CONVERSION = YES;
				GCC_WARN_ABOUT_RETURN_TYPE = YES_ERROR;
				GCC_WARN_UNDECLARED_SELECTOR = YES;
				GCC_WARN_UNINITIALIZED_AUTOS = YES_AGGRESSIVE;
				GCC_WARN_UNUSED_FUNCTION = YES;
				GCC_WARN_UNUSED_VARIABLE = YES;
				IPHONEOS_DEPLOYMENT_TARGET = 15.5;
				MTL_ENABLE_DEBUG_INFO = NO;
				MTL_FAST_MATH = YES;
				SDKROOT = iphoneos;
				SWIFT_COMPILATION_MODE = wholemodule;
				SWIFT_OPTIMIZATION_LEVEL = "-O";
				VALIDATE_PRODUCT = YES;
			};
			name = Release;
		};
		1771E6EB289D619500AAFC78 /* Debug */ = {
			isa = XCBuildConfiguration;
			buildSettings = {
				ASSETCATALOG_COMPILER_APPICON_NAME = AppIcon;
				ASSETCATALOG_COMPILER_GLOBAL_ACCENT_COLOR_NAME = AccentColor;
				CODE_SIGN_STYLE = Automatic;
				CURRENT_PROJECT_VERSION = 1;
				DEVELOPMENT_TEAM = 45N4YCBZCJ;
				GENERATE_INFOPLIST_FILE = YES;
				INFOPLIST_FILE = "In*/Info.plist";
				INFOPLIST_KEY_UIApplicationSupportsIndirectInputEvents = YES;
				INFOPLIST_KEY_UILaunchStoryboardName = LaunchScreen;
				INFOPLIST_KEY_UISupportedInterfaceOrientations_iPad = "UIInterfaceOrientationPortrait UIInterfaceOrientationPortraitUpsideDown UIInterfaceOrientationLandscapeLeft UIInterfaceOrientationLandscapeRight";
				INFOPLIST_KEY_UISupportedInterfaceOrientations_iPhone = "UIInterfaceOrientationPortrait UIInterfaceOrientationLandscapeLeft UIInterfaceOrientationLandscapeRight";
				LD_RUNPATH_SEARCH_PATHS = (
					"$(inherited)",
					"@executable_path/Frameworks",
				);
				MARKETING_VERSION = 1.0;
				PRODUCT_BUNDLE_IDENTIFIER = "mohsulthana.In-";
				PRODUCT_NAME = "$(TARGET_NAME)";
				SWIFT_EMIT_LOC_STRINGS = YES;
				SWIFT_VERSION = 5.0;
				TARGETED_DEVICE_FAMILY = "1,2";
			};
			name = Debug;
		};
		1771E6EC289D619500AAFC78 /* Release */ = {
			isa = XCBuildConfiguration;
			buildSettings = {
				ASSETCATALOG_COMPILER_APPICON_NAME = AppIcon;
				ASSETCATALOG_COMPILER_GLOBAL_ACCENT_COLOR_NAME = AccentColor;
				CODE_SIGN_STYLE = Automatic;
				CURRENT_PROJECT_VERSION = 1;
				DEVELOPMENT_TEAM = 45N4YCBZCJ;
				GENERATE_INFOPLIST_FILE = YES;
				INFOPLIST_FILE = "In*/Info.plist";
				INFOPLIST_KEY_UIApplicationSupportsIndirectInputEvents = YES;
				INFOPLIST_KEY_UILaunchStoryboardName = LaunchScreen;
				INFOPLIST_KEY_UISupportedInterfaceOrientations_iPad = "UIInterfaceOrientationPortrait UIInterfaceOrientationPortraitUpsideDown UIInterfaceOrientationLandscapeLeft UIInterfaceOrientationLandscapeRight";
				INFOPLIST_KEY_UISupportedInterfaceOrientations_iPhone = "UIInterfaceOrientationPortrait UIInterfaceOrientationLandscapeLeft UIInterfaceOrientationLandscapeRight";
				LD_RUNPATH_SEARCH_PATHS = (
					"$(inherited)",
					"@executable_path/Frameworks",
				);
				MARKETING_VERSION = 1.0;
				PRODUCT_BUNDLE_IDENTIFIER = "mohsulthana.In-";
				PRODUCT_NAME = "$(TARGET_NAME)";
				SWIFT_EMIT_LOC_STRINGS = YES;
				SWIFT_VERSION = 5.0;
				TARGETED_DEVICE_FAMILY = "1,2";
			};
			name = Release;
		};
/* End XCBuildConfiguration section */

/* Begin XCConfigurationList section */
		1771E6D1289D619200AAFC78 /* Build configuration list for PBXProject "In*" */ = {
			isa = XCConfigurationList;
			buildConfigurations = (
				1771E6E8289D619500AAFC78 /* Debug */,
				1771E6E9289D619500AAFC78 /* Release */,
			);
			defaultConfigurationIsVisible = 0;
			defaultConfigurationName = Release;
		};
		1771E6EA289D619500AAFC78 /* Build configuration list for PBXNativeTarget "In*" */ = {
			isa = XCConfigurationList;
			buildConfigurations = (
				1771E6EB289D619500AAFC78 /* Debug */,
				1771E6EC289D619500AAFC78 /* Release */,
			);
			defaultConfigurationIsVisible = 0;
			defaultConfigurationName = Release;
		};
/* End XCConfigurationList section */

/* Begin XCVersionGroup section */
		1771E6F1289D7BE500AAFC78 /* In.xcdatamodeld */ = {
			isa = XCVersionGroup;
			children = (
				1771E6F2289D7BE500AAFC78 /* In.xcdatamodel */,
			);
			currentVersion = 1771E6F2289D7BE500AAFC78 /* In.xcdatamodel */;
			path = In.xcdatamodeld;
			sourceTree = "<group>";
			versionGroupType = wrapper.xcdatamodel;
		};
/* End XCVersionGroup section */
	};
	rootObject = 1771E6CE289D619200AAFC78 /* Project object */;
}
