// !$*UTF8*$!
{
	archiveVersion = 1;
	classes = {
	};
	objectVersion = 55;
	objects = {

/* Begin PBXBuildFile section */
		1735A9FA28B2634300F6D3C3 /* TextFieldSectionController.swift in Sources */ = {isa = PBXBuildFile; fileRef = 1735A9F928B2634300F6D3C3 /* TextFieldSectionController.swift */; };
		1735A9FD28B263D700F6D3C3 /* TextfieldCollectionViewCell.swift in Sources */ = {isa = PBXBuildFile; fileRef = 1735A9FB28B263D700F6D3C3 /* TextfieldCollectionViewCell.swift */; };
		1735A9FE28B263D700F6D3C3 /* TextfieldCollectionViewCell.xib in Resources */ = {isa = PBXBuildFile; fileRef = 1735A9FC28B263D700F6D3C3 /* TextfieldCollectionViewCell.xib */; };
		1735AA0728B2678900F6D3C3 /* DropdownSectionController.swift in Sources */ = {isa = PBXBuildFile; fileRef = 1735AA0628B2678900F6D3C3 /* DropdownSectionController.swift */; };
		1735AA0B28B2680200F6D3C3 /* StepperCollectionViewCell.swift in Sources */ = {isa = PBXBuildFile; fileRef = 1735AA0928B2680200F6D3C3 /* StepperCollectionViewCell.swift */; };
		1735AA0C28B2680200F6D3C3 /* StepperCollectionViewCell.xib in Resources */ = {isa = PBXBuildFile; fileRef = 1735AA0A28B2680200F6D3C3 /* StepperCollectionViewCell.xib */; };
		1735AA0E28B2693100F6D3C3 /* StepperSectionController.swift in Sources */ = {isa = PBXBuildFile; fileRef = 1735AA0D28B2693100F6D3C3 /* StepperSectionController.swift */; };
		1735AA1128B26AEA00F6D3C3 /* DropdownCollectionViewCell.swift in Sources */ = {isa = PBXBuildFile; fileRef = 1735AA0F28B26AEA00F6D3C3 /* DropdownCollectionViewCell.swift */; };
		1735AA1228B26AEA00F6D3C3 /* DropdownCollectionViewCell.xib in Resources */ = {isa = PBXBuildFile; fileRef = 1735AA1028B26AEA00F6D3C3 /* DropdownCollectionViewCell.xib */; };
		1735AA1B28B2764C00F6D3C3 /* UIMagicDropDown in Frameworks */ = {isa = PBXBuildFile; productRef = 1735AA1A28B2764C00F6D3C3 /* UIMagicDropDown */; };
		173CB5A728B60900002257F3 /* EditProductViewController.swift in Sources */ = {isa = PBXBuildFile; fileRef = 173CB5A628B60900002257F3 /* EditProductViewController.swift */; };
		173CB5A928B60BF9002257F3 /* Extension+UIColor.swift in Sources */ = {isa = PBXBuildFile; fileRef = 173CB5A828B60BF9002257F3 /* Extension+UIColor.swift */; };
		173CB5AD28B63615002257F3 /* OrderDetailViewController.swift in Sources */ = {isa = PBXBuildFile; fileRef = 173CB5AC28B63615002257F3 /* OrderDetailViewController.swift */; };
		173CB5B128B68159002257F3 /* DataDetailSectionController.swift in Sources */ = {isa = PBXBuildFile; fileRef = 173CB5B028B68159002257F3 /* DataDetailSectionController.swift */; };
		173CB5B428B6827B002257F3 /* DataDetailCollectionViewCell.swift in Sources */ = {isa = PBXBuildFile; fileRef = 173CB5B228B6827B002257F3 /* DataDetailCollectionViewCell.swift */; };
		173CB5B528B6827B002257F3 /* DataDetailCollectionViewCell.xib in Resources */ = {isa = PBXBuildFile; fileRef = 173CB5B328B6827B002257F3 /* DataDetailCollectionViewCell.xib */; };
		1743DB7328B374C200D6682C /* ButtonSectionController.swift in Sources */ = {isa = PBXBuildFile; fileRef = 1743DB7228B374C200D6682C /* ButtonSectionController.swift */; };
		1743DB7628B374CF00D6682C /* ButtonCollectionViewCell.swift in Sources */ = {isa = PBXBuildFile; fileRef = 1743DB7428B374CF00D6682C /* ButtonCollectionViewCell.swift */; };
		1743DB7728B374CF00D6682C /* ButtonCollectionViewCell.xib in Resources */ = {isa = PBXBuildFile; fileRef = 1743DB7528B374CF00D6682C /* ButtonCollectionViewCell.xib */; };
		1771DB4328A939A200254C2F /* CompletedOrderViewController.swift in Sources */ = {isa = PBXBuildFile; fileRef = 1771DB4228A939A200254C2F /* CompletedOrderViewController.swift */; };
		1771E6DA289D619200AAFC78 /* AppDelegate.swift in Sources */ = {isa = PBXBuildFile; fileRef = 1771E6D9289D619200AAFC78 /* AppDelegate.swift */; };
		1771E6DC289D619200AAFC78 /* SceneDelegate.swift in Sources */ = {isa = PBXBuildFile; fileRef = 1771E6DB289D619200AAFC78 /* SceneDelegate.swift */; };
		1771E6DE289D619200AAFC78 /* ProductViewController.swift in Sources */ = {isa = PBXBuildFile; fileRef = 1771E6DD289D619200AAFC78 /* ProductViewController.swift */; };
		1771E6E3289D619500AAFC78 /* Assets.xcassets in Resources */ = {isa = PBXBuildFile; fileRef = 1771E6E2289D619500AAFC78 /* Assets.xcassets */; };
		1771E6E6289D619500AAFC78 /* LaunchScreen.storyboard in Resources */ = {isa = PBXBuildFile; fileRef = 1771E6E4289D619500AAFC78 /* LaunchScreen.storyboard */; };
		1771E6EF289D747000AAFC78 /* InventoryTableViewCell.swift in Sources */ = {isa = PBXBuildFile; fileRef = 1771E6ED289D747000AAFC78 /* InventoryTableViewCell.swift */; };
		1771E6F0289D747000AAFC78 /* InventoryTableViewCell.xib in Resources */ = {isa = PBXBuildFile; fileRef = 1771E6EE289D747000AAFC78 /* InventoryTableViewCell.xib */; };
		1771E6F3289D7BE500AAFC78 /* In.xcdatamodeld in Sources */ = {isa = PBXBuildFile; fileRef = 1771E6F1289D7BE500AAFC78 /* In.xcdatamodeld */; };
		17748AC728B0F2870037D25D /* PrepaidBankCollectionViewCell.swift in Sources */ = {isa = PBXBuildFile; fileRef = 17748AC528B0F2870037D25D /* PrepaidBankCollectionViewCell.swift */; };
		17748AC828B0F2870037D25D /* PrepaidBankCollectionViewCell.xib in Resources */ = {isa = PBXBuildFile; fileRef = 17748AC628B0F2870037D25D /* PrepaidBankCollectionViewCell.xib */; };
		1775548C28B21142006537A3 /* SwitchCollectionViewCell.swift in Sources */ = {isa = PBXBuildFile; fileRef = 1775548A28B21142006537A3 /* SwitchCollectionViewCell.swift */; };
		1775548D28B21142006537A3 /* SwitchCollectionViewCell.xib in Resources */ = {isa = PBXBuildFile; fileRef = 1775548B28B21142006537A3 /* SwitchCollectionViewCell.xib */; };
		1775548F28B211AF006537A3 /* SwitchSectionController.swift in Sources */ = {isa = PBXBuildFile; fileRef = 1775548E28B211AF006537A3 /* SwitchSectionController.swift */; };
		1775549128B2131A006537A3 /* EmptySectionController.swift in Sources */ = {isa = PBXBuildFile; fileRef = 1775549028B2131A006537A3 /* EmptySectionController.swift */; };
		1775549328B2137C006537A3 /* PurchasedAdapter.swift in Sources */ = {isa = PBXBuildFile; fileRef = 1775549228B2137C006537A3 /* PurchasedAdapter.swift */; };
		1775549628B213E5006537A3 /* SwifterSwift in Frameworks */ = {isa = PBXBuildFile; productRef = 1775549528B213E5006537A3 /* SwifterSwift */; };
		1775549828B21450006537A3 /* Extension+ListAdapter.swift in Sources */ = {isa = PBXBuildFile; fileRef = 1775549728B21450006537A3 /* Extension+ListAdapter.swift */; };
		177CC81E289DAA5C0036F1FF /* ProductDetailViewController.swift in Sources */ = {isa = PBXBuildFile; fileRef = 177CC81D289DAA5C0036F1FF /* ProductDetailViewController.swift */; };
		177CC820289DAE950036F1FF /* OldPurchaseProductViewController.swift in Sources */ = {isa = PBXBuildFile; fileRef = 177CC81F289DAE950036F1FF /* OldPurchaseProductViewController.swift */; };
		178367B628A9B7410081F48E /* IGListDiffKit in Frameworks */ = {isa = PBXBuildFile; productRef = 178367B528A9B7410081F48E /* IGListDiffKit */; };
		178367B828A9B7410081F48E /* IGListKit in Frameworks */ = {isa = PBXBuildFile; productRef = 178367B728A9B7410081F48E /* IGListKit */; };
		178367BA28A9B7410081F48E /* IGListSwiftKit in Frameworks */ = {isa = PBXBuildFile; productRef = 178367B928A9B7410081F48E /* IGListSwiftKit */; };
		178367BC28AA071C0081F48E /* PurchaseProductViewController.swift in Sources */ = {isa = PBXBuildFile; fileRef = 178367BB28AA071C0081F48E /* PurchaseProductViewController.swift */; };
		178A365128A80738007924AC /* Extension+UITextField.swift in Sources */ = {isa = PBXBuildFile; fileRef = 178A365028A80738007924AC /* Extension+UITextField.swift */; };
		178A365328A81BE7007924AC /* LoginViewController.swift in Sources */ = {isa = PBXBuildFile; fileRef = 178A365228A81BE7007924AC /* LoginViewController.swift */; };
		178A365528A81BF1007924AC /* SignUpViewController.swift in Sources */ = {isa = PBXBuildFile; fileRef = 178A365428A81BF1007924AC /* SignUpViewController.swift */; };
		178CDDD028B8F1BE00B5C0A6 /* NotificationManager.swift in Sources */ = {isa = PBXBuildFile; fileRef = 178CDDCF28B8F1BE00B5C0A6 /* NotificationManager.swift */; };
		17A50AD928A5835000402A72 /* NewProductViewController.swift in Sources */ = {isa = PBXBuildFile; fileRef = 17A50AD828A5835000402A72 /* NewProductViewController.swift */; };
		17A50ADB28A5F7D700402A72 /* TabBarViewController.swift in Sources */ = {isa = PBXBuildFile; fileRef = 17A50ADA28A5F7D700402A72 /* TabBarViewController.swift */; };
		17A50ADD28A5F91D00402A72 /* DashboardViewController.swift in Sources */ = {isa = PBXBuildFile; fileRef = 17A50ADC28A5F91D00402A72 /* DashboardViewController.swift */; };
		17C13B0C28A56C88008B49FC /* CoreDataManager.swift in Sources */ = {isa = PBXBuildFile; fileRef = 17C13B0B28A56C88008B49FC /* CoreDataManager.swift */; };
		17C5C6E428A6507A0009DBF0 /* Extension+UITableView.swift in Sources */ = {isa = PBXBuildFile; fileRef = 17C5C6E328A6507A0009DBF0 /* Extension+UITableView.swift */; };
		17D5BECF28A8F5DB0052230A /* SimpleCheckbox in Frameworks */ = {isa = PBXBuildFile; productRef = 17D5BECE28A8F5DB0052230A /* SimpleCheckbox */; };
		17F8CF1128BA0BC5003B7772 /* DeliveryMethod.swift in Sources */ = {isa = PBXBuildFile; fileRef = 17F8CF1028BA0BC5003B7772 /* DeliveryMethod.swift */; };
		17F8CF1328BA0BD0003B7772 /* PickupMethod.swift in Sources */ = {isa = PBXBuildFile; fileRef = 17F8CF1228BA0BD0003B7772 /* PickupMethod.swift */; };
		17F8CF1628BA0C21003B7772 /* PrepaidMethod.swift in Sources */ = {isa = PBXBuildFile; fileRef = 17F8CF1528BA0C21003B7772 /* PrepaidMethod.swift */; };
		17F8CF1828BA0CB0003B7772 /* TextfieldId.swift in Sources */ = {isa = PBXBuildFile; fileRef = 17F8CF1728BA0CB0003B7772 /* TextfieldId.swift */; };
/* End PBXBuildFile section */

/* Begin PBXFileReference section */
		1735A9F928B2634300F6D3C3 /* TextFieldSectionController.swift */ = {isa = PBXFileReference; lastKnownFileType = sourcecode.swift; path = TextFieldSectionController.swift; sourceTree = "<group>"; };
		1735A9FB28B263D700F6D3C3 /* TextfieldCollectionViewCell.swift */ = {isa = PBXFileReference; lastKnownFileType = sourcecode.swift; path = TextfieldCollectionViewCell.swift; sourceTree = "<group>"; };
		1735A9FC28B263D700F6D3C3 /* TextfieldCollectionViewCell.xib */ = {isa = PBXFileReference; lastKnownFileType = file.xib; path = TextfieldCollectionViewCell.xib; sourceTree = "<group>"; };
		1735AA0628B2678900F6D3C3 /* DropdownSectionController.swift */ = {isa = PBXFileReference; lastKnownFileType = sourcecode.swift; path = DropdownSectionController.swift; sourceTree = "<group>"; };
		1735AA0928B2680200F6D3C3 /* StepperCollectionViewCell.swift */ = {isa = PBXFileReference; lastKnownFileType = sourcecode.swift; path = StepperCollectionViewCell.swift; sourceTree = "<group>"; };
		1735AA0A28B2680200F6D3C3 /* StepperCollectionViewCell.xib */ = {isa = PBXFileReference; lastKnownFileType = file.xib; path = StepperCollectionViewCell.xib; sourceTree = "<group>"; };
		1735AA0D28B2693100F6D3C3 /* StepperSectionController.swift */ = {isa = PBXFileReference; lastKnownFileType = sourcecode.swift; path = StepperSectionController.swift; sourceTree = "<group>"; };
		1735AA0F28B26AEA00F6D3C3 /* DropdownCollectionViewCell.swift */ = {isa = PBXFileReference; lastKnownFileType = sourcecode.swift; path = DropdownCollectionViewCell.swift; sourceTree = "<group>"; };
		1735AA1028B26AEA00F6D3C3 /* DropdownCollectionViewCell.xib */ = {isa = PBXFileReference; lastKnownFileType = file.xib; path = DropdownCollectionViewCell.xib; sourceTree = "<group>"; };
		173CB5A628B60900002257F3 /* EditProductViewController.swift */ = {isa = PBXFileReference; lastKnownFileType = sourcecode.swift; path = EditProductViewController.swift; sourceTree = "<group>"; };
		173CB5A828B60BF9002257F3 /* Extension+UIColor.swift */ = {isa = PBXFileReference; lastKnownFileType = sourcecode.swift; path = "Extension+UIColor.swift"; sourceTree = "<group>"; };
		173CB5AC28B63615002257F3 /* OrderDetailViewController.swift */ = {isa = PBXFileReference; lastKnownFileType = sourcecode.swift; path = OrderDetailViewController.swift; sourceTree = "<group>"; };
		173CB5B028B68159002257F3 /* DataDetailSectionController.swift */ = {isa = PBXFileReference; lastKnownFileType = sourcecode.swift; path = DataDetailSectionController.swift; sourceTree = "<group>"; };
		173CB5B228B6827B002257F3 /* DataDetailCollectionViewCell.swift */ = {isa = PBXFileReference; lastKnownFileType = sourcecode.swift; path = DataDetailCollectionViewCell.swift; sourceTree = "<group>"; };
		173CB5B328B6827B002257F3 /* DataDetailCollectionViewCell.xib */ = {isa = PBXFileReference; lastKnownFileType = file.xib; path = DataDetailCollectionViewCell.xib; sourceTree = "<group>"; };
		1743DB7228B374C200D6682C /* ButtonSectionController.swift */ = {isa = PBXFileReference; lastKnownFileType = sourcecode.swift; path = ButtonSectionController.swift; sourceTree = "<group>"; };
		1743DB7428B374CF00D6682C /* ButtonCollectionViewCell.swift */ = {isa = PBXFileReference; lastKnownFileType = sourcecode.swift; path = ButtonCollectionViewCell.swift; sourceTree = "<group>"; };
		1743DB7528B374CF00D6682C /* ButtonCollectionViewCell.xib */ = {isa = PBXFileReference; lastKnownFileType = file.xib; path = ButtonCollectionViewCell.xib; sourceTree = "<group>"; };
		1771DB4228A939A200254C2F /* CompletedOrderViewController.swift */ = {isa = PBXFileReference; lastKnownFileType = sourcecode.swift; path = CompletedOrderViewController.swift; sourceTree = "<group>"; };
		1771E6D6289D619200AAFC78 /* 876 Inventory.app */ = {isa = PBXFileReference; explicitFileType = wrapper.application; includeInIndex = 0; path = "876 Inventory.app"; sourceTree = BUILT_PRODUCTS_DIR; };
		1771E6D9289D619200AAFC78 /* AppDelegate.swift */ = {isa = PBXFileReference; lastKnownFileType = sourcecode.swift; path = AppDelegate.swift; sourceTree = "<group>"; };
		1771E6DB289D619200AAFC78 /* SceneDelegate.swift */ = {isa = PBXFileReference; lastKnownFileType = sourcecode.swift; path = SceneDelegate.swift; sourceTree = "<group>"; };
		1771E6DD289D619200AAFC78 /* ProductViewController.swift */ = {isa = PBXFileReference; lastKnownFileType = sourcecode.swift; path = ProductViewController.swift; sourceTree = "<group>"; };
		1771E6E2289D619500AAFC78 /* Assets.xcassets */ = {isa = PBXFileReference; lastKnownFileType = folder.assetcatalog; path = Assets.xcassets; sourceTree = "<group>"; };
		1771E6E5289D619500AAFC78 /* Base */ = {isa = PBXFileReference; lastKnownFileType = file.storyboard; name = Base; path = Base.lproj/LaunchScreen.storyboard; sourceTree = "<group>"; };
		1771E6E7289D619500AAFC78 /* Info.plist */ = {isa = PBXFileReference; lastKnownFileType = text.plist.xml; path = Info.plist; sourceTree = "<group>"; };
		1771E6ED289D747000AAFC78 /* InventoryTableViewCell.swift */ = {isa = PBXFileReference; lastKnownFileType = sourcecode.swift; path = InventoryTableViewCell.swift; sourceTree = "<group>"; };
		1771E6EE289D747000AAFC78 /* InventoryTableViewCell.xib */ = {isa = PBXFileReference; lastKnownFileType = file.xib; path = InventoryTableViewCell.xib; sourceTree = "<group>"; };
		1771E6F2289D7BE500AAFC78 /* In.xcdatamodel */ = {isa = PBXFileReference; lastKnownFileType = wrapper.xcdatamodel; path = In.xcdatamodel; sourceTree = "<group>"; };
		17748AC528B0F2870037D25D /* PrepaidBankCollectionViewCell.swift */ = {isa = PBXFileReference; lastKnownFileType = sourcecode.swift; path = PrepaidBankCollectionViewCell.swift; sourceTree = "<group>"; };
		17748AC628B0F2870037D25D /* PrepaidBankCollectionViewCell.xib */ = {isa = PBXFileReference; lastKnownFileType = file.xib; path = PrepaidBankCollectionViewCell.xib; sourceTree = "<group>"; };
		1775548A28B21142006537A3 /* SwitchCollectionViewCell.swift */ = {isa = PBXFileReference; lastKnownFileType = sourcecode.swift; path = SwitchCollectionViewCell.swift; sourceTree = "<group>"; };
		1775548B28B21142006537A3 /* SwitchCollectionViewCell.xib */ = {isa = PBXFileReference; lastKnownFileType = file.xib; path = SwitchCollectionViewCell.xib; sourceTree = "<group>"; };
		1775548E28B211AF006537A3 /* SwitchSectionController.swift */ = {isa = PBXFileReference; lastKnownFileType = sourcecode.swift; path = SwitchSectionController.swift; sourceTree = "<group>"; };
		1775549028B2131A006537A3 /* EmptySectionController.swift */ = {isa = PBXFileReference; lastKnownFileType = sourcecode.swift; path = EmptySectionController.swift; sourceTree = "<group>"; };
		1775549228B2137C006537A3 /* PurchasedAdapter.swift */ = {isa = PBXFileReference; lastKnownFileType = sourcecode.swift; path = PurchasedAdapter.swift; sourceTree = "<group>"; };
		1775549728B21450006537A3 /* Extension+ListAdapter.swift */ = {isa = PBXFileReference; lastKnownFileType = sourcecode.swift; path = "Extension+ListAdapter.swift"; sourceTree = "<group>"; };
		177CC81D289DAA5C0036F1FF /* ProductDetailViewController.swift */ = {isa = PBXFileReference; lastKnownFileType = sourcecode.swift; path = ProductDetailViewController.swift; sourceTree = "<group>"; };
		177CC81F289DAE950036F1FF /* OldPurchaseProductViewController.swift */ = {isa = PBXFileReference; lastKnownFileType = sourcecode.swift; path = OldPurchaseProductViewController.swift; sourceTree = "<group>"; };
		178367BB28AA071C0081F48E /* PurchaseProductViewController.swift */ = {isa = PBXFileReference; lastKnownFileType = sourcecode.swift; path = PurchaseProductViewController.swift; sourceTree = "<group>"; };
		178A365028A80738007924AC /* Extension+UITextField.swift */ = {isa = PBXFileReference; lastKnownFileType = sourcecode.swift; path = "Extension+UITextField.swift"; sourceTree = "<group>"; };
		178A365228A81BE7007924AC /* LoginViewController.swift */ = {isa = PBXFileReference; lastKnownFileType = sourcecode.swift; path = LoginViewController.swift; sourceTree = "<group>"; };
		178A365428A81BF1007924AC /* SignUpViewController.swift */ = {isa = PBXFileReference; lastKnownFileType = sourcecode.swift; path = SignUpViewController.swift; sourceTree = "<group>"; };
		178CDDCE28B8C26000B5C0A6 /* In*.entitlements */ = {isa = PBXFileReference; lastKnownFileType = text.plist.entitlements; path = "In*.entitlements"; sourceTree = "<group>"; };
		178CDDCF28B8F1BE00B5C0A6 /* NotificationManager.swift */ = {isa = PBXFileReference; lastKnownFileType = sourcecode.swift; path = NotificationManager.swift; sourceTree = "<group>"; };
		17A50AD828A5835000402A72 /* NewProductViewController.swift */ = {isa = PBXFileReference; lastKnownFileType = sourcecode.swift; path = NewProductViewController.swift; sourceTree = "<group>"; };
		17A50ADA28A5F7D700402A72 /* TabBarViewController.swift */ = {isa = PBXFileReference; lastKnownFileType = sourcecode.swift; path = TabBarViewController.swift; sourceTree = "<group>"; };
		17A50ADC28A5F91D00402A72 /* DashboardViewController.swift */ = {isa = PBXFileReference; lastKnownFileType = sourcecode.swift; path = DashboardViewController.swift; sourceTree = "<group>"; };
		17C13B0B28A56C88008B49FC /* CoreDataManager.swift */ = {isa = PBXFileReference; lastKnownFileType = sourcecode.swift; path = CoreDataManager.swift; sourceTree = "<group>"; };
		17C5C6E328A6507A0009DBF0 /* Extension+UITableView.swift */ = {isa = PBXFileReference; lastKnownFileType = sourcecode.swift; path = "Extension+UITableView.swift"; sourceTree = "<group>"; };
		17F8CF1028BA0BC5003B7772 /* DeliveryMethod.swift */ = {isa = PBXFileReference; lastKnownFileType = sourcecode.swift; path = DeliveryMethod.swift; sourceTree = "<group>"; };
		17F8CF1228BA0BD0003B7772 /* PickupMethod.swift */ = {isa = PBXFileReference; lastKnownFileType = sourcecode.swift; path = PickupMethod.swift; sourceTree = "<group>"; };
		17F8CF1528BA0C21003B7772 /* PrepaidMethod.swift */ = {isa = PBXFileReference; lastKnownFileType = sourcecode.swift; path = PrepaidMethod.swift; sourceTree = "<group>"; };
		17F8CF1728BA0CB0003B7772 /* TextfieldId.swift */ = {isa = PBXFileReference; lastKnownFileType = sourcecode.swift; path = TextfieldId.swift; sourceTree = "<group>"; };
/* End PBXFileReference section */

/* Begin PBXFrameworksBuildPhase section */
		1771E6D3289D619200AAFC78 /* Frameworks */ = {
			isa = PBXFrameworksBuildPhase;
			buildActionMask = 2147483647;
			files = (
				178367B628A9B7410081F48E /* IGListDiffKit in Frameworks */,
				178367B828A9B7410081F48E /* IGListKit in Frameworks */,
				17D5BECF28A8F5DB0052230A /* SimpleCheckbox in Frameworks */,
				1735AA1B28B2764C00F6D3C3 /* UIMagicDropDown in Frameworks */,
				1775549628B213E5006537A3 /* SwifterSwift in Frameworks */,
				178367BA28A9B7410081F48E /* IGListSwiftKit in Frameworks */,
			);
			runOnlyForDeploymentPostprocessing = 0;
		};
/* End PBXFrameworksBuildPhase section */

/* Begin PBXGroup section */
		1735AA0228B2674B00F6D3C3 /* IGListKit */ = {
			isa = PBXGroup;
			children = (
				1743DB7128B374B300D6682C /* Button */,
				1735AA0828B267EE00F6D3C3 /* Stepper */,
				1735AA0528B2677000F6D3C3 /* Dropdown */,
				1735AA0428B2676500F6D3C3 /* Textfield */,
				1735AA0328B2675600F6D3C3 /* Switch */,
			);
			path = IGListKit;
			sourceTree = "<group>";
		};
		1735AA0328B2675600F6D3C3 /* Switch */ = {
			isa = PBXGroup;
			children = (
				1775548E28B211AF006537A3 /* SwitchSectionController.swift */,
				1775548A28B21142006537A3 /* SwitchCollectionViewCell.swift */,
				1775548B28B21142006537A3 /* SwitchCollectionViewCell.xib */,
			);
			path = Switch;
			sourceTree = "<group>";
		};
		1735AA0428B2676500F6D3C3 /* Textfield */ = {
			isa = PBXGroup;
			children = (
				1735A9F928B2634300F6D3C3 /* TextFieldSectionController.swift */,
				1735A9FB28B263D700F6D3C3 /* TextfieldCollectionViewCell.swift */,
				1735A9FC28B263D700F6D3C3 /* TextfieldCollectionViewCell.xib */,
			);
			path = Textfield;
			sourceTree = "<group>";
		};
		1735AA0528B2677000F6D3C3 /* Dropdown */ = {
			isa = PBXGroup;
			children = (
				1735AA0628B2678900F6D3C3 /* DropdownSectionController.swift */,
				1735AA0F28B26AEA00F6D3C3 /* DropdownCollectionViewCell.swift */,
				1735AA1028B26AEA00F6D3C3 /* DropdownCollectionViewCell.xib */,
			);
			path = Dropdown;
			sourceTree = "<group>";
		};
		1735AA0828B267EE00F6D3C3 /* Stepper */ = {
			isa = PBXGroup;
			children = (
				1735AA0928B2680200F6D3C3 /* StepperCollectionViewCell.swift */,
				1735AA0A28B2680200F6D3C3 /* StepperCollectionViewCell.xib */,
				1735AA0D28B2693100F6D3C3 /* StepperSectionController.swift */,
			);
			path = Stepper;
			sourceTree = "<group>";
		};
		1735AA1328B26BE700F6D3C3 /* Model */ = {
			isa = PBXGroup;
			children = (
				17F8CF1028BA0BC5003B7772 /* DeliveryMethod.swift */,
				17F8CF1228BA0BD0003B7772 /* PickupMethod.swift */,
				17F8CF1528BA0C21003B7772 /* PrepaidMethod.swift */,
				17F8CF1728BA0CB0003B7772 /* TextfieldId.swift */,
			);
			path = Model;
			sourceTree = "<group>";
		};
		173CB5AA28B63404002257F3 /* Dashboard */ = {
			isa = PBXGroup;
			children = (
				1771DB4228A939A200254C2F /* CompletedOrderViewController.swift */,
				173CB5AC28B63615002257F3 /* OrderDetailViewController.swift */,
			);
			path = Dashboard;
			sourceTree = "<group>";
		};
		173CB5AB28B6340A002257F3 /* Product */ = {
			isa = PBXGroup;
			children = (
				17A50AD828A5835000402A72 /* NewProductViewController.swift */,
				173CB5A628B60900002257F3 /* EditProductViewController.swift */,
				178367BB28AA071C0081F48E /* PurchaseProductViewController.swift */,
			);
			path = Product;
			sourceTree = "<group>";
		};
		173CB5AF28B6812B002257F3 /* Section */ = {
			isa = PBXGroup;
			children = (
				173CB5B028B68159002257F3 /* DataDetailSectionController.swift */,
				173CB5B228B6827B002257F3 /* DataDetailCollectionViewCell.swift */,
				173CB5B328B6827B002257F3 /* DataDetailCollectionViewCell.xib */,
			);
			path = Section;
			sourceTree = "<group>";
		};
		1743DB7128B374B300D6682C /* Button */ = {
			isa = PBXGroup;
			children = (
				1743DB7228B374C200D6682C /* ButtonSectionController.swift */,
				1743DB7428B374CF00D6682C /* ButtonCollectionViewCell.swift */,
				1743DB7528B374CF00D6682C /* ButtonCollectionViewCell.xib */,
			);
			path = Button;
			sourceTree = "<group>";
		};
		1771E6CD289D619200AAFC78 = {
			isa = PBXGroup;
			children = (
				1771E6D8289D619200AAFC78 /* In* */,
				1771E6D7289D619200AAFC78 /* Products */,
			);
			sourceTree = "<group>";
		};
		1771E6D7289D619200AAFC78 /* Products */ = {
			isa = PBXGroup;
			children = (
				1771E6D6289D619200AAFC78 /* 876 Inventory.app */,
			);
			name = Products;
			sourceTree = "<group>";
		};
		1771E6D8289D619200AAFC78 /* In* */ = {
			isa = PBXGroup;
			children = (
				178CDDCE28B8C26000B5C0A6 /* In*.entitlements */,
				1735AA1328B26BE700F6D3C3 /* Model */,
				17D5BECC28A8E8BE0052230A /* View */,
				17D5BEC928A8E8840052230A /* Manager */,
				17C5C6E228A6503F0009DBF0 /* Extension */,
				1771E6D9289D619200AAFC78 /* AppDelegate.swift */,
				1771E6DB289D619200AAFC78 /* SceneDelegate.swift */,
				1771E6E2289D619500AAFC78 /* Assets.xcassets */,
				1771E6E4289D619500AAFC78 /* LaunchScreen.storyboard */,
				1771E6E7289D619500AAFC78 /* Info.plist */,
				1771E6F1289D7BE500AAFC78 /* In.xcdatamodeld */,
				178CDDCF28B8F1BE00B5C0A6 /* NotificationManager.swift */,
			);
			path = "In*";
			sourceTree = "<group>";
		};
		17748AC928B0F7700037D25D /* Adapter */ = {
			isa = PBXGroup;
			children = (
				1775549228B2137C006537A3 /* PurchasedAdapter.swift */,
			);
			path = Adapter;
			sourceTree = "<group>";
		};
		178367BD28AA08BC0081F48E /* Components */ = {
			isa = PBXGroup;
			children = (
				173CB5AF28B6812B002257F3 /* Section */,
				1735AA0228B2674B00F6D3C3 /* IGListKit */,
				178367BE28AA08D00081F48E /* CollectionViewCell */,
				17D5BECB28A8E8A40052230A /* TableViewCell */,
			);
			path = Components;
			sourceTree = "<group>";
		};
		178367BE28AA08D00081F48E /* CollectionViewCell */ = {
			isa = PBXGroup;
			children = (
				17748AC528B0F2870037D25D /* PrepaidBankCollectionViewCell.swift */,
				17748AC628B0F2870037D25D /* PrepaidBankCollectionViewCell.xib */,
			);
			path = CollectionViewCell;
			sourceTree = "<group>";
		};
		17C5C6E228A6503F0009DBF0 /* Extension */ = {
			isa = PBXGroup;
			children = (
				17C5C6E328A6507A0009DBF0 /* Extension+UITableView.swift */,
				178A365028A80738007924AC /* Extension+UITextField.swift */,
				178A365428A81BF1007924AC /* SignUpViewController.swift */,
				1775549728B21450006537A3 /* Extension+ListAdapter.swift */,
				173CB5A828B60BF9002257F3 /* Extension+UIColor.swift */,
			);
			path = Extension;
			sourceTree = "<group>";
		};
		17D5BEC828A8E85E0052230A /* TabItemViewController */ = {
			isa = PBXGroup;
			children = (
				17A50ADA28A5F7D700402A72 /* TabBarViewController.swift */,
				1771E6DD289D619200AAFC78 /* ProductViewController.swift */,
				17A50ADC28A5F91D00402A72 /* DashboardViewController.swift */,
			);
			path = TabItemViewController;
			sourceTree = "<group>";
		};
		17D5BEC928A8E8840052230A /* Manager */ = {
			isa = PBXGroup;
			children = (
				17C13B0B28A56C88008B49FC /* CoreDataManager.swift */,
			);
			path = Manager;
			sourceTree = "<group>";
		};
		17D5BECA28A8E89B0052230A /* ViewController */ = {
			isa = PBXGroup;
			children = (
				17D5BEC828A8E85E0052230A /* TabItemViewController */,
				173CB5AB28B6340A002257F3 /* Product */,
				173CB5AA28B63404002257F3 /* Dashboard */,
			);
			path = ViewController;
			sourceTree = "<group>";
		};
		17D5BECB28A8E8A40052230A /* TableViewCell */ = {
			isa = PBXGroup;
			children = (
				1771E6ED289D747000AAFC78 /* InventoryTableViewCell.swift */,
				1771E6EE289D747000AAFC78 /* InventoryTableViewCell.xib */,
			);
			path = TableViewCell;
			sourceTree = "<group>";
		};
		17D5BECC28A8E8BE0052230A /* View */ = {
			isa = PBXGroup;
			children = (
				17748AC928B0F7700037D25D /* Adapter */,
				178367BD28AA08BC0081F48E /* Components */,
				17D5BECA28A8E89B0052230A /* ViewController */,
				178A365228A81BE7007924AC /* LoginViewController.swift */,
				177CC81D289DAA5C0036F1FF /* ProductDetailViewController.swift */,
				177CC81F289DAE950036F1FF /* OldPurchaseProductViewController.swift */,
				1775549028B2131A006537A3 /* EmptySectionController.swift */,
			);
			path = View;
			sourceTree = "<group>";
		};
/* End PBXGroup section */

/* Begin PBXNativeTarget section */
		1771E6D5289D619200AAFC78 /* 876 Inventory */ = {
			isa = PBXNativeTarget;
			buildConfigurationList = 1771E6EA289D619500AAFC78 /* Build configuration list for PBXNativeTarget "876 Inventory" */;
			buildPhases = (
				1771E6D2289D619200AAFC78 /* Sources */,
				1771E6D3289D619200AAFC78 /* Frameworks */,
				1771E6D4289D619200AAFC78 /* Resources */,
			);
			buildRules = (
			);
			dependencies = (
			);
			name = "876 Inventory";
			packageProductDependencies = (
				17D5BECE28A8F5DB0052230A /* SimpleCheckbox */,
				178367B528A9B7410081F48E /* IGListDiffKit */,
				178367B728A9B7410081F48E /* IGListKit */,
				178367B928A9B7410081F48E /* IGListSwiftKit */,
				1775549528B213E5006537A3 /* SwifterSwift */,
				1735AA1A28B2764C00F6D3C3 /* UIMagicDropDown */,
			);
			productName = "In*";
			productReference = 1771E6D6289D619200AAFC78 /* 876 Inventory.app */;
			productType = "com.apple.product-type.application";
		};
/* End PBXNativeTarget section */

/* Begin PBXProject section */
		1771E6CE289D619200AAFC78 /* Project object */ = {
			isa = PBXProject;
			attributes = {
				BuildIndependentTargetsInParallel = 1;
				LastSwiftUpdateCheck = 1340;
				LastUpgradeCheck = 1340;
				TargetAttributes = {
					1771E6D5289D619200AAFC78 = {
						CreatedOnToolsVersion = 13.4.1;
					};
				};
			};
			buildConfigurationList = 1771E6D1289D619200AAFC78 /* Build configuration list for PBXProject "876 Inventory" */;
			compatibilityVersion = "Xcode 13.0";
			developmentRegion = en;
			hasScannedForEncodings = 0;
			knownRegions = (
				en,
				Base,
			);
			mainGroup = 1771E6CD289D619200AAFC78;
			packageReferences = (
				17D5BECD28A8F5DB0052230A /* XCRemoteSwiftPackageReference "SimpleCheckbox" */,
				178367B428A9B7410081F48E /* XCRemoteSwiftPackageReference "IGListKit" */,
				1775549428B213E5006537A3 /* XCRemoteSwiftPackageReference "SwifterSwift" */,
				1735AA1928B2764C00F6D3C3 /* XCRemoteSwiftPackageReference "UIMagicDropDown" */,
			);
			productRefGroup = 1771E6D7289D619200AAFC78 /* Products */;
			projectDirPath = "";
			projectRoot = "";
			targets = (
				1771E6D5289D619200AAFC78 /* 876 Inventory */,
			);
		};
/* End PBXProject section */

/* Begin PBXResourcesBuildPhase section */
		1771E6D4289D619200AAFC78 /* Resources */ = {
			isa = PBXResourcesBuildPhase;
			buildActionMask = 2147483647;
			files = (
				1771E6F0289D747000AAFC78 /* InventoryTableViewCell.xib in Resources */,
				1771E6E6289D619500AAFC78 /* LaunchScreen.storyboard in Resources */,
				1743DB7728B374CF00D6682C /* ButtonCollectionViewCell.xib in Resources */,
				1735A9FE28B263D700F6D3C3 /* TextfieldCollectionViewCell.xib in Resources */,
				1735AA1228B26AEA00F6D3C3 /* DropdownCollectionViewCell.xib in Resources */,
				17748AC828B0F2870037D25D /* PrepaidBankCollectionViewCell.xib in Resources */,
				1775548D28B21142006537A3 /* SwitchCollectionViewCell.xib in Resources */,
				1771E6E3289D619500AAFC78 /* Assets.xcassets in Resources */,
				173CB5B528B6827B002257F3 /* DataDetailCollectionViewCell.xib in Resources */,
				1735AA0C28B2680200F6D3C3 /* StepperCollectionViewCell.xib in Resources */,
			);
			runOnlyForDeploymentPostprocessing = 0;
		};
/* End PBXResourcesBuildPhase section */

/* Begin PBXSourcesBuildPhase section */
		1771E6D2289D619200AAFC78 /* Sources */ = {
			isa = PBXSourcesBuildPhase;
			buildActionMask = 2147483647;
			files = (
				1735A9FA28B2634300F6D3C3 /* TextFieldSectionController.swift in Sources */,
				178A365328A81BE7007924AC /* LoginViewController.swift in Sources */,
				1775549328B2137C006537A3 /* PurchasedAdapter.swift in Sources */,
				178A365128A80738007924AC /* Extension+UITextField.swift in Sources */,
				1771E6EF289D747000AAFC78 /* InventoryTableViewCell.swift in Sources */,
				1775548F28B211AF006537A3 /* SwitchSectionController.swift in Sources */,
				173CB5B428B6827B002257F3 /* DataDetailCollectionViewCell.swift in Sources */,
				177CC820289DAE950036F1FF /* OldPurchaseProductViewController.swift in Sources */,
				178CDDD028B8F1BE00B5C0A6 /* NotificationManager.swift in Sources */,
				178367BC28AA071C0081F48E /* PurchaseProductViewController.swift in Sources */,
				1771E6DE289D619200AAFC78 /* ProductViewController.swift in Sources */,
				17A50AD928A5835000402A72 /* NewProductViewController.swift in Sources */,
				173CB5A928B60BF9002257F3 /* Extension+UIColor.swift in Sources */,
				1743DB7328B374C200D6682C /* ButtonSectionController.swift in Sources */,
				1771E6DA289D619200AAFC78 /* AppDelegate.swift in Sources */,
				1771E6F3289D7BE500AAFC78 /* In.xcdatamodeld in Sources */,
				173CB5A728B60900002257F3 /* EditProductViewController.swift in Sources */,
				1743DB7628B374CF00D6682C /* ButtonCollectionViewCell.swift in Sources */,
				17F8CF1828BA0CB0003B7772 /* TextfieldId.swift in Sources */,
				1735AA1128B26AEA00F6D3C3 /* DropdownCollectionViewCell.swift in Sources */,
				17748AC728B0F2870037D25D /* PrepaidBankCollectionViewCell.swift in Sources */,
				17F8CF1628BA0C21003B7772 /* PrepaidMethod.swift in Sources */,
				17F8CF1328BA0BD0003B7772 /* PickupMethod.swift in Sources */,
				17F8CF1128BA0BC5003B7772 /* DeliveryMethod.swift in Sources */,
				1771DB4328A939A200254C2F /* CompletedOrderViewController.swift in Sources */,
				1771E6DC289D619200AAFC78 /* SceneDelegate.swift in Sources */,
				1775549828B21450006537A3 /* Extension+ListAdapter.swift in Sources */,
				178A365528A81BF1007924AC /* SignUpViewController.swift in Sources */,
				1775548C28B21142006537A3 /* SwitchCollectionViewCell.swift in Sources */,
				1735AA0E28B2693100F6D3C3 /* StepperSectionController.swift in Sources */,
				17C5C6E428A6507A0009DBF0 /* Extension+UITableView.swift in Sources */,
				173CB5B128B68159002257F3 /* DataDetailSectionController.swift in Sources */,
				1735AA0B28B2680200F6D3C3 /* StepperCollectionViewCell.swift in Sources */,
				173CB5AD28B63615002257F3 /* OrderDetailViewController.swift in Sources */,
				1735AA0728B2678900F6D3C3 /* DropdownSectionController.swift in Sources */,
				17C13B0C28A56C88008B49FC /* CoreDataManager.swift in Sources */,
				1775549128B2131A006537A3 /* EmptySectionController.swift in Sources */,
				17A50ADD28A5F91D00402A72 /* DashboardViewController.swift in Sources */,
				1735A9FD28B263D700F6D3C3 /* TextfieldCollectionViewCell.swift in Sources */,
				17A50ADB28A5F7D700402A72 /* TabBarViewController.swift in Sources */,
				177CC81E289DAA5C0036F1FF /* ProductDetailViewController.swift in Sources */,
			);
			runOnlyForDeploymentPostprocessing = 0;
		};
/* End PBXSourcesBuildPhase section */

/* Begin PBXVariantGroup section */
		1771E6E4289D619500AAFC78 /* LaunchScreen.storyboard */ = {
			isa = PBXVariantGroup;
			children = (
				1771E6E5289D619500AAFC78 /* Base */,
			);
			name = LaunchScreen.storyboard;
			sourceTree = "<group>";
		};
/* End PBXVariantGroup section */

/* Begin XCBuildConfiguration section */
		1771E6E8289D619500AAFC78 /* Debug */ = {
			isa = XCBuildConfiguration;
			buildSettings = {
				ALWAYS_SEARCH_USER_PATHS = NO;
				CLANG_ANALYZER_NONNULL = YES;
				CLANG_ANALYZER_NUMBER_OBJECT_CONVERSION = YES_AGGRESSIVE;
				CLANG_CXX_LANGUAGE_STANDARD = "gnu++17";
				CLANG_ENABLE_MODULES = YES;
				CLANG_ENABLE_OBJC_ARC = YES;
				CLANG_ENABLE_OBJC_WEAK = YES;
				CLANG_WARN_BLOCK_CAPTURE_AUTORELEASING = YES;
				CLANG_WARN_BOOL_CONVERSION = YES;
				CLANG_WARN_COMMA = YES;
				CLANG_WARN_CONSTANT_CONVERSION = YES;
				CLANG_WARN_DEPRECATED_OBJC_IMPLEMENTATIONS = YES;
				CLANG_WARN_DIRECT_OBJC_ISA_USAGE = YES_ERROR;
				CLANG_WARN_DOCUMENTATION_COMMENTS = YES;
				CLANG_WARN_EMPTY_BODY = YES;
				CLANG_WARN_ENUM_CONVERSION = YES;
				CLANG_WARN_INFINITE_RECURSION = YES;
				CLANG_WARN_INT_CONVERSION = YES;
				CLANG_WARN_NON_LITERAL_NULL_CONVERSION = YES;
				CLANG_WARN_OBJC_IMPLICIT_RETAIN_SELF = YES;
				CLANG_WARN_OBJC_LITERAL_CONVERSION = YES;
				CLANG_WARN_OBJC_ROOT_CLASS = YES_ERROR;
				CLANG_WARN_QUOTED_INCLUDE_IN_FRAMEWORK_HEADER = YES;
				CLANG_WARN_RANGE_LOOP_ANALYSIS = YES;
				CLANG_WARN_STRICT_PROTOTYPES = YES;
				CLANG_WARN_SUSPICIOUS_MOVE = YES;
				CLANG_WARN_UNGUARDED_AVAILABILITY = YES_AGGRESSIVE;
				CLANG_WARN_UNREACHABLE_CODE = YES;
				CLANG_WARN__DUPLICATE_METHOD_MATCH = YES;
				COPY_PHASE_STRIP = NO;
				DEBUG_INFORMATION_FORMAT = dwarf;
				ENABLE_STRICT_OBJC_MSGSEND = YES;
				ENABLE_TESTABILITY = YES;
				GCC_C_LANGUAGE_STANDARD = gnu11;
				GCC_DYNAMIC_NO_PIC = NO;
				GCC_NO_COMMON_BLOCKS = YES;
				GCC_OPTIMIZATION_LEVEL = 0;
				GCC_PREPROCESSOR_DEFINITIONS = (
					"DEBUG=1",
					"$(inherited)",
				);
				GCC_WARN_64_TO_32_BIT_CONVERSION = YES;
				GCC_WARN_ABOUT_RETURN_TYPE = YES_ERROR;
				GCC_WARN_UNDECLARED_SELECTOR = YES;
				GCC_WARN_UNINITIALIZED_AUTOS = YES_AGGRESSIVE;
				GCC_WARN_UNUSED_FUNCTION = YES;
				GCC_WARN_UNUSED_VARIABLE = YES;
				IPHONEOS_DEPLOYMENT_TARGET = 15.5;
				MTL_ENABLE_DEBUG_INFO = INCLUDE_SOURCE;
				MTL_FAST_MATH = YES;
				ONLY_ACTIVE_ARCH = YES;
				SDKROOT = iphoneos;
				SWIFT_ACTIVE_COMPILATION_CONDITIONS = DEBUG;
				SWIFT_OPTIMIZATION_LEVEL = "-Onone";
			};
			name = Debug;
		};
		1771E6E9289D619500AAFC78 /* Release */ = {
			isa = XCBuildConfiguration;
			buildSettings = {
				ALWAYS_SEARCH_USER_PATHS = NO;
				CLANG_ANALYZER_NONNULL = YES;
				CLANG_ANALYZER_NUMBER_OBJECT_CONVERSION = YES_AGGRESSIVE;
				CLANG_CXX_LANGUAGE_STANDARD = "gnu++17";
				CLANG_ENABLE_MODULES = YES;
				CLANG_ENABLE_OBJC_ARC = YES;
				CLANG_ENABLE_OBJC_WEAK = YES;
				CLANG_WARN_BLOCK_CAPTURE_AUTORELEASING = YES;
				CLANG_WARN_BOOL_CONVERSION = YES;
				CLANG_WARN_COMMA = YES;
				CLANG_WARN_CONSTANT_CONVERSION = YES;
				CLANG_WARN_DEPRECATED_OBJC_IMPLEMENTATIONS = YES;
				CLANG_WARN_DIRECT_OBJC_ISA_USAGE = YES_ERROR;
				CLANG_WARN_DOCUMENTATION_COMMENTS = YES;
				CLANG_WARN_EMPTY_BODY = YES;
				CLANG_WARN_ENUM_CONVERSION = YES;
				CLANG_WARN_INFINITE_RECURSION = YES;
				CLANG_WARN_INT_CONVERSION = YES;
				CLANG_WARN_NON_LITERAL_NULL_CONVERSION = YES;
				CLANG_WARN_OBJC_IMPLICIT_RETAIN_SELF = YES;
				CLANG_WARN_OBJC_LITERAL_CONVERSION = YES;
				CLANG_WARN_OBJC_ROOT_CLASS = YES_ERROR;
				CLANG_WARN_QUOTED_INCLUDE_IN_FRAMEWORK_HEADER = YES;
				CLANG_WARN_RANGE_LOOP_ANALYSIS = YES;
				CLANG_WARN_STRICT_PROTOTYPES = YES;
				CLANG_WARN_SUSPICIOUS_MOVE = YES;
				CLANG_WARN_UNGUARDED_AVAILABILITY = YES_AGGRESSIVE;
				CLANG_WARN_UNREACHABLE_CODE = YES;
				CLANG_WARN__DUPLICATE_METHOD_MATCH = YES;
				COPY_PHASE_STRIP = NO;
				DEBUG_INFORMATION_FORMAT = "dwarf-with-dsym";
				ENABLE_NS_ASSERTIONS = NO;
				ENABLE_STRICT_OBJC_MSGSEND = YES;
				GCC_C_LANGUAGE_STANDARD = gnu11;
				GCC_NO_COMMON_BLOCKS = YES;
				GCC_WARN_64_TO_32_BIT_CONVERSION = YES;
				GCC_WARN_ABOUT_RETURN_TYPE = YES_ERROR;
				GCC_WARN_UNDECLARED_SELECTOR = YES;
				GCC_WARN_UNINITIALIZED_AUTOS = YES_AGGRESSIVE;
				GCC_WARN_UNUSED_FUNCTION = YES;
				GCC_WARN_UNUSED_VARIABLE = YES;
				IPHONEOS_DEPLOYMENT_TARGET = 15.5;
				MTL_ENABLE_DEBUG_INFO = NO;
				MTL_FAST_MATH = YES;
				SDKROOT = iphoneos;
				SWIFT_COMPILATION_MODE = wholemodule;
				SWIFT_OPTIMIZATION_LEVEL = "-O";
				VALIDATE_PRODUCT = YES;
			};
			name = Release;
		};
		1771E6EB289D619500AAFC78 /* Debug */ = {
			isa = XCBuildConfiguration;
			buildSettings = {
				ASSETCATALOG_COMPILER_APPICON_NAME = AppIcon;
				ASSETCATALOG_COMPILER_GLOBAL_ACCENT_COLOR_NAME = AccentColor;
				ASSETCATALOG_COMPILER_INCLUDE_ALL_APPICON_ASSETS = YES;
				CODE_SIGN_ENTITLEMENTS = "In*/In*.entitlements";
				CODE_SIGN_STYLE = Automatic;
				CURRENT_PROJECT_VERSION = 1;
				DEVELOPMENT_TEAM = 45N4YCBZCJ;
				GENERATE_INFOPLIST_FILE = YES;
				INFOPLIST_FILE = "In*/Info.plist";
				INFOPLIST_KEY_CFBundleDisplayName = "876 Inventory";
				INFOPLIST_KEY_UIApplicationSupportsIndirectInputEvents = YES;
				INFOPLIST_KEY_UILaunchStoryboardName = LaunchScreen;
				INFOPLIST_KEY_UISupportedInterfaceOrientations = UIInterfaceOrientationPortrait;
				INFOPLIST_KEY_UISupportedInterfaceOrientations_iPad = "UIInterfaceOrientationPortrait UIInterfaceOrientationPortraitUpsideDown UIInterfaceOrientationLandscapeLeft UIInterfaceOrientationLandscapeRight";
				INFOPLIST_KEY_UISupportedInterfaceOrientations_iPhone = "UIInterfaceOrientationPortrait UIInterfaceOrientationLandscapeLeft UIInterfaceOrientationLandscapeRight";
				INFOPLIST_KEY_UIUserInterfaceStyle = Light;
				LD_RUNPATH_SEARCH_PATHS = (
					"$(inherited)",
					"@executable_path/Frameworks",
				);
				MARKETING_VERSION = 1.0;
				PRODUCT_BUNDLE_IDENTIFIER = "mohsulthana.In-";
				PRODUCT_NAME = "$(TARGET_NAME)";
				SWIFT_EMIT_LOC_STRINGS = YES;
				SWIFT_VERSION = 5.0;
				TARGETED_DEVICE_FAMILY = 1;
			};
			name = Debug;
		};
		1771E6EC289D619500AAFC78 /* Release */ = {
			isa = XCBuildConfiguration;
			buildSettings = {
				ASSETCATALOG_COMPILER_APPICON_NAME = AppIcon;
				ASSETCATALOG_COMPILER_GLOBAL_ACCENT_COLOR_NAME = AccentColor;
				ASSETCATALOG_COMPILER_INCLUDE_ALL_APPICON_ASSETS = YES;
				CODE_SIGN_ENTITLEMENTS = "In*/In*.entitlements";
				CODE_SIGN_STYLE = Automatic;
				CURRENT_PROJECT_VERSION = 1;
				DEVELOPMENT_TEAM = 45N4YCBZCJ;
				GENERATE_INFOPLIST_FILE = YES;
				INFOPLIST_FILE = "In*/Info.plist";
				INFOPLIST_KEY_CFBundleDisplayName = "876 Inventory";
				INFOPLIST_KEY_UIApplicationSupportsIndirectInputEvents = YES;
				INFOPLIST_KEY_UILaunchStoryboardName = LaunchScreen;
				INFOPLIST_KEY_UISupportedInterfaceOrientations = UIInterfaceOrientationPortrait;
				INFOPLIST_KEY_UISupportedInterfaceOrientations_iPad = "UIInterfaceOrientationPortrait UIInterfaceOrientationPortraitUpsideDown UIInterfaceOrientationLandscapeLeft UIInterfaceOrientationLandscapeRight";
				INFOPLIST_KEY_UISupportedInterfaceOrientations_iPhone = "UIInterfaceOrientationPortrait UIInterfaceOrientationLandscapeLeft UIInterfaceOrientationLandscapeRight";
				INFOPLIST_KEY_UIUserInterfaceStyle = Light;
				LD_RUNPATH_SEARCH_PATHS = (
					"$(inherited)",
					"@executable_path/Frameworks",
				);
				MARKETING_VERSION = 1.0;
				PRODUCT_BUNDLE_IDENTIFIER = "mohsulthana.In-";
				PRODUCT_NAME = "$(TARGET_NAME)";
				SWIFT_EMIT_LOC_STRINGS = YES;
				SWIFT_VERSION = 5.0;
				TARGETED_DEVICE_FAMILY = 1;
			};
			name = Release;
		};
/* End XCBuildConfiguration section */

/* Begin XCConfigurationList section */
		1771E6D1289D619200AAFC78 /* Build configuration list for PBXProject "876 Inventory" */ = {
			isa = XCConfigurationList;
			buildConfigurations = (
				1771E6E8289D619500AAFC78 /* Debug */,
				1771E6E9289D619500AAFC78 /* Release */,
			);
			defaultConfigurationIsVisible = 0;
			defaultConfigurationName = Release;
		};
		1771E6EA289D619500AAFC78 /* Build configuration list for PBXNativeTarget "876 Inventory" */ = {
			isa = XCConfigurationList;
			buildConfigurations = (
				1771E6EB289D619500AAFC78 /* Debug */,
				1771E6EC289D619500AAFC78 /* Release */,
			);
			defaultConfigurationIsVisible = 0;
			defaultConfigurationName = Release;
		};
/* End XCConfigurationList section */

/* Begin XCRemoteSwiftPackageReference section */
		1735AA1928B2764C00F6D3C3 /* XCRemoteSwiftPackageReference "UIMagicDropDown" */ = {
			isa = XCRemoteSwiftPackageReference;
			repositoryURL = "https://github.com/CodeNationDev/UIMagicDropDown.git";
			requirement = {
				kind = upToNextMajorVersion;
				minimumVersion = 1.0.0;
			};
		};
		1775549428B213E5006537A3 /* XCRemoteSwiftPackageReference "SwifterSwift" */ = {
			isa = XCRemoteSwiftPackageReference;
			repositoryURL = "https://github.com/SwifterSwift/SwifterSwift";
			requirement = {
				kind = upToNextMajorVersion;
				minimumVersion = 5.0.0;
			};
		};
		178367B428A9B7410081F48E /* XCRemoteSwiftPackageReference "IGListKit" */ = {
			isa = XCRemoteSwiftPackageReference;
			repositoryURL = "https://github.com/Instagram/IGListKit";
			requirement = {
				branch = main;
				kind = branch;
			};
		};
		17D5BECD28A8F5DB0052230A /* XCRemoteSwiftPackageReference "SimpleCheckbox" */ = {
			isa = XCRemoteSwiftPackageReference;
			repositoryURL = "https://github.com/BeauNouvelle/SimpleCheckbox.git";
			requirement = {
				kind = upToNextMajorVersion;
				minimumVersion = 2.0.0;
			};
		};
/* End XCRemoteSwiftPackageReference section */

/* Begin XCSwiftPackageProductDependency section */
		1735AA1A28B2764C00F6D3C3 /* UIMagicDropDown */ = {
			isa = XCSwiftPackageProductDependency;
			package = 1735AA1928B2764C00F6D3C3 /* XCRemoteSwiftPackageReference "UIMagicDropDown" */;
			productName = UIMagicDropDown;
		};
		1775549528B213E5006537A3 /* SwifterSwift */ = {
			isa = XCSwiftPackageProductDependency;
			package = 1775549428B213E5006537A3 /* XCRemoteSwiftPackageReference "SwifterSwift" */;
			productName = SwifterSwift;
		};
		178367B528A9B7410081F48E /* IGListDiffKit */ = {
			isa = XCSwiftPackageProductDependency;
			package = 178367B428A9B7410081F48E /* XCRemoteSwiftPackageReference "IGListKit" */;
			productName = IGListDiffKit;
		};
		178367B728A9B7410081F48E /* IGListKit */ = {
			isa = XCSwiftPackageProductDependency;
			package = 178367B428A9B7410081F48E /* XCRemoteSwiftPackageReference "IGListKit" */;
			productName = IGListKit;
		};
		178367B928A9B7410081F48E /* IGListSwiftKit */ = {
			isa = XCSwiftPackageProductDependency;
			package = 178367B428A9B7410081F48E /* XCRemoteSwiftPackageReference "IGListKit" */;
			productName = IGListSwiftKit;
		};
		17D5BECE28A8F5DB0052230A /* SimpleCheckbox */ = {
			isa = XCSwiftPackageProductDependency;
			package = 17D5BECD28A8F5DB0052230A /* XCRemoteSwiftPackageReference "SimpleCheckbox" */;
			productName = SimpleCheckbox;
		};
/* End XCSwiftPackageProductDependency section */

/* Begin XCVersionGroup section */
		1771E6F1289D7BE500AAFC78 /* In.xcdatamodeld */ = {
			isa = XCVersionGroup;
			children = (
				1771E6F2289D7BE500AAFC78 /* In.xcdatamodel */,
			);
			currentVersion = 1771E6F2289D7BE500AAFC78 /* In.xcdatamodel */;
			path = In.xcdatamodeld;
			sourceTree = "<group>";
			versionGroupType = wrapper.xcdatamodel;
		};
/* End XCVersionGroup section */
	};
	rootObject = 1771E6CE289D619200AAFC78 /* Project object */;
}
